
Microsoft Visual Studio Solution File, Format Version 12.00
# Visual Studio Version 17
VisualStudioVersion = 17.8.34511.84
MinimumVisualStudioVersion = 10.0.40219.1
Project("{FAE04EC0-301F-11D3-BF4B-00C04F79EFBC}") = "Pokemon_review", "pokemon\Pokemon_review.csproj", "{C4CEF14B-2B73-450D-90B2-42079888B232}"
EndProject
Global
	GlobalSection(SolutionConfigurationPlatforms) = preSolution
		Debug|Any CPU = Debug|Any CPU
		Release|Any CPU = Release|Any CPU
	EndGlobalSection
	GlobalSection(ProjectConfigurationPlatforms) = postSolution
		{C4CEF14B-2B73-450D-90B2-42079888B232}.Debug|Any CPU.ActiveCfg = Debug|Any CPU
		{C4CEF14B-2B73-450D-90B2-42079888B232}.Debug|Any CPU.Build.0 = Debug|Any CPU
		{C4CEF14B-2B73-450D-90B2-42079888B232}.Release|Any CPU.ActiveCfg = Release|Any CPU
		{C4CEF14B-2B73-450D-90B2-42079888B232}.Release|Any CPU.Build.0 = Release|Any CPU
	EndGlobalSection
	GlobalSection(SolutionProperties) = preSolution
		HideSolutionNode = FALSE
	EndGlobalSection
	GlobalSection(ExtensibilityGlobals) = postSolution
		SolutionGuid = {E96B97AC-762B-42F4-AF0C-89605C383A1F}
	EndGlobalSection
EndGlobal
